
Microsoft Visual Studio Solution File, Format Version 12.00
# Visual Studio Version 16
VisualStudioVersion = 16.0.29201.188
MinimumVisualStudioVersion = 10.0.40219.1
Project("{FAE04EC0-301F-11D3-BF4B-00C04F79EFBC}") = "BaiTap2", "BaiTap2\BaiTap2.csproj", "{A2DE0596-C5DD-4594-B34E-6739BDF9CF4A}"
EndProject
Global
	GlobalSection(SolutionConfigurationPlatforms) = preSolution
		Debug|Any CPU = Debug|Any CPU
		Release|Any CPU = Release|Any CPU
	EndGlobalSection
	GlobalSection(ProjectConfigurationPlatforms) = postSolution
		{A2DE0596-C5DD-4594-B34E-6739BDF9CF4A}.Debug|Any CPU.ActiveCfg = Debug|Any CPU
		{A2DE0596-C5DD-4594-B34E-6739BDF9CF4A}.Debug|Any CPU.Build.0 = Debug|Any CPU
		{A2DE0596-C5DD-4594-B34E-6739BDF9CF4A}.Release|Any CPU.ActiveCfg = Release|Any CPU
		{A2DE0596-C5DD-4594-B34E-6739BDF9CF4A}.Release|Any CPU.Build.0 = Release|Any CPU
	EndGlobalSection
	GlobalSection(SolutionProperties) = preSolution
		HideSolutionNode = FALSE
	EndGlobalSection
	GlobalSection(ExtensibilityGlobals) = postSolution
		SolutionGuid = {7739B5B9-9C4D-41B5-8082-741C89C7BD9A}
	EndGlobalSection
EndGlobal
